// !$*UTF8*$!
{
	archiveVersion = 1;
	classes = {
	};
	objectVersion = 50;
	objects = {

/* Begin PBXBuildFile section */
		5954087A219AED1400C181FB /* AddingHintView.xib in Resources */ = {isa = PBXBuildFile; fileRef = 59540879219AED1400C181FB /* AddingHintView.xib */; };
		5954087C219AEF3D00C181FB /* AddingHintView.swift in Sources */ = {isa = PBXBuildFile; fileRef = 5954087B219AEF3D00C181FB /* AddingHintView.swift */; };
		5954087E219B123100C181FB /* AddProductNameView.xib in Resources */ = {isa = PBXBuildFile; fileRef = 5954087D219B123100C181FB /* AddProductNameView.xib */; };
		59540880219B124300C181FB /* AddProductNameView.swift in Sources */ = {isa = PBXBuildFile; fileRef = 5954087F219B124300C181FB /* AddProductNameView.swift */; };
		59540882219B1A4200C181FB /* CTAButton.swift in Sources */ = {isa = PBXBuildFile; fileRef = 59540881219B1A4100C181FB /* CTAButton.swift */; };
		5989CD2E21944F960013CC10 /* AdditionalGestures.swift in Sources */ = {isa = PBXBuildFile; fileRef = 5989CD2D21944F960013CC10 /* AdditionalGestures.swift */; };
		59D105742190924B00915DC6 /* AppDelegate.swift in Sources */ = {isa = PBXBuildFile; fileRef = 59D105732190924B00915DC6 /* AppDelegate.swift */; };
		59D105762190924B00915DC6 /* SelectionsViewController.swift in Sources */ = {isa = PBXBuildFile; fileRef = 59D105752190924B00915DC6 /* SelectionsViewController.swift */; };
		59D105792190924B00915DC6 /* Main.storyboard in Resources */ = {isa = PBXBuildFile; fileRef = 59D105772190924B00915DC6 /* Main.storyboard */; };
		59D1057B2190924C00915DC6 /* Assets.xcassets in Resources */ = {isa = PBXBuildFile; fileRef = 59D1057A2190924C00915DC6 /* Assets.xcassets */; };
		59D1057E2190924C00915DC6 /* LaunchScreen.storyboard in Resources */ = {isa = PBXBuildFile; fileRef = 59D1057C2190924C00915DC6 /* LaunchScreen.storyboard */; };
		59D1058A21919AD700915DC6 /* MenuViewController.swift in Sources */ = {isa = PBXBuildFile; fileRef = 59D1058921919AD700915DC6 /* MenuViewController.swift */; };
/* End PBXBuildFile section */

/* Begin PBXFileReference section */
		59540879219AED1400C181FB /* AddingHintView.xib */ = {isa = PBXFileReference; lastKnownFileType = file.xib; path = AddingHintView.xib; sourceTree = "<group>"; };
		5954087B219AEF3D00C181FB /* AddingHintView.swift */ = {isa = PBXFileReference; lastKnownFileType = sourcecode.swift; path = AddingHintView.swift; sourceTree = "<group>"; };
		5954087D219B123100C181FB /* AddProductNameView.xib */ = {isa = PBXFileReference; lastKnownFileType = file.xib; path = AddProductNameView.xib; sourceTree = "<group>"; };
		5954087F219B124300C181FB /* AddProductNameView.swift */ = {isa = PBXFileReference; lastKnownFileType = sourcecode.swift; path = AddProductNameView.swift; sourceTree = "<group>"; };
		59540881219B1A4100C181FB /* CTAButton.swift */ = {isa = PBXFileReference; fileEncoding = 4; lastKnownFileType = sourcecode.swift; path = CTAButton.swift; sourceTree = "<group>"; };
		5989CD2D21944F960013CC10 /* AdditionalGestures.swift */ = {isa = PBXFileReference; lastKnownFileType = sourcecode.swift; path = AdditionalGestures.swift; sourceTree = "<group>"; };
		59D105702190924B00915DC6 /* ScrollviewDemo.app */ = {isa = PBXFileReference; explicitFileType = wrapper.application; includeInIndex = 0; path = ScrollviewDemo.app; sourceTree = BUILT_PRODUCTS_DIR; };
		59D105732190924B00915DC6 /* AppDelegate.swift */ = {isa = PBXFileReference; lastKnownFileType = sourcecode.swift; path = AppDelegate.swift; sourceTree = "<group>"; };
		59D105752190924B00915DC6 /* SelectionsViewController.swift */ = {isa = PBXFileReference; lastKnownFileType = sourcecode.swift; path = SelectionsViewController.swift; sourceTree = "<group>"; };
		59D105782190924B00915DC6 /* Base */ = {isa = PBXFileReference; lastKnownFileType = file.storyboard; name = Base; path = Base.lproj/Main.storyboard; sourceTree = "<group>"; };
		59D1057A2190924C00915DC6 /* Assets.xcassets */ = {isa = PBXFileReference; lastKnownFileType = folder.assetcatalog; path = Assets.xcassets; sourceTree = "<group>"; };
		59D1057D2190924C00915DC6 /* Base */ = {isa = PBXFileReference; lastKnownFileType = file.storyboard; name = Base; path = Base.lproj/LaunchScreen.storyboard; sourceTree = "<group>"; };
		59D1057F2190924C00915DC6 /* Info.plist */ = {isa = PBXFileReference; lastKnownFileType = text.plist.xml; path = Info.plist; sourceTree = "<group>"; };
		59D1058921919AD700915DC6 /* MenuViewController.swift */ = {isa = PBXFileReference; lastKnownFileType = sourcecode.swift; path = MenuViewController.swift; sourceTree = "<group>"; };
/* End PBXFileReference section */

/* Begin PBXFrameworksBuildPhase section */
		59D1056D2190924B00915DC6 /* Frameworks */ = {
			isa = PBXFrameworksBuildPhase;
			buildActionMask = 2147483647;
			files = (
			);
			runOnlyForDeploymentPostprocessing = 0;
		};
/* End PBXFrameworksBuildPhase section */

/* Begin PBXGroup section */
		5989CD2C219330C90013CC10 /* Selections */ = {
			isa = PBXGroup;
			children = (
				59D105752190924B00915DC6 /* SelectionsViewController.swift */,
				5989CD2D21944F960013CC10 /* AdditionalGestures.swift */,
				5954087B219AEF3D00C181FB /* AddingHintView.swift */,
				59540879219AED1400C181FB /* AddingHintView.xib */,
				5954087F219B124300C181FB /* AddProductNameView.swift */,
				5954087D219B123100C181FB /* AddProductNameView.xib */,
			);
			path = Selections;
			sourceTree = "<group>";
		};
		59D105672190924B00915DC6 = {
			isa = PBXGroup;
			children = (
				59D105722190924B00915DC6 /* ScrollviewDemo */,
				59D105712190924B00915DC6 /* Products */,
			);
			sourceTree = "<group>";
		};
		59D105712190924B00915DC6 /* Products */ = {
			isa = PBXGroup;
			children = (
				59D105702190924B00915DC6 /* ScrollviewDemo.app */,
			);
			name = Products;
			sourceTree = "<group>";
		};
		59D105722190924B00915DC6 /* ScrollviewDemo */ = {
			isa = PBXGroup;
			children = (
				59D105732190924B00915DC6 /* AppDelegate.swift */,
				59D1058921919AD700915DC6 /* MenuViewController.swift */,
				59D105772190924B00915DC6 /* Main.storyboard */,
				59D1057A2190924C00915DC6 /* Assets.xcassets */,
				59D1057C2190924C00915DC6 /* LaunchScreen.storyboard */,
				59540881219B1A4100C181FB /* CTAButton.swift */,
				59D1057F2190924C00915DC6 /* Info.plist */,
				5989CD2C219330C90013CC10 /* Selections */,
			);
			path = ScrollviewDemo;
			sourceTree = "<group>";
		};
/* End PBXGroup section */

/* Begin PBXNativeTarget section */
		59D1056F2190924B00915DC6 /* ScrollviewDemo */ = {
			isa = PBXNativeTarget;
			buildConfigurationList = 59D105822190924C00915DC6 /* Build configuration list for PBXNativeTarget "ScrollviewDemo" */;
			buildPhases = (
				59D1056C2190924B00915DC6 /* Sources */,
				59D1056D2190924B00915DC6 /* Frameworks */,
				59D1056E2190924B00915DC6 /* Resources */,
			);
			buildRules = (
			);
			dependencies = (
			);
			name = ScrollviewDemo;
			productName = ScrollviewDemo;
			productReference = 59D105702190924B00915DC6 /* ScrollviewDemo.app */;
			productType = "com.apple.product-type.application";
		};
/* End PBXNativeTarget section */

/* Begin PBXProject section */
		59D105682190924B00915DC6 /* Project object */ = {
			isa = PBXProject;
			attributes = {
				LastSwiftUpdateCheck = 1010;
				LastUpgradeCheck = 1010;
				ORGANIZATIONNAME = "Adrian Kwiatkowski";
				TargetAttributes = {
					59D1056F2190924B00915DC6 = {
						CreatedOnToolsVersion = 10.1;
					};
				};
			};
			buildConfigurationList = 59D1056B2190924B00915DC6 /* Build configuration list for PBXProject "ScrollviewDemo" */;
			compatibilityVersion = "Xcode 9.3";
			developmentRegion = en;
			hasScannedForEncodings = 0;
			knownRegions = (
				en,
				Base,
			);
			mainGroup = 59D105672190924B00915DC6;
			productRefGroup = 59D105712190924B00915DC6 /* Products */;
			projectDirPath = "";
			projectRoot = "";
			targets = (
				59D1056F2190924B00915DC6 /* ScrollviewDemo */,
			);
		};
/* End PBXProject section */

/* Begin PBXResourcesBuildPhase section */
		59D1056E2190924B00915DC6 /* Resources */ = {
			isa = PBXResourcesBuildPhase;
			buildActionMask = 2147483647;
			files = (
				5954087A219AED1400C181FB /* AddingHintView.xib in Resources */,
				59D1057E2190924C00915DC6 /* LaunchScreen.storyboard in Resources */,
				59D1057B2190924C00915DC6 /* Assets.xcassets in Resources */,
				5954087E219B123100C181FB /* AddProductNameView.xib in Resources */,
				59D105792190924B00915DC6 /* Main.storyboard in Resources */,
			);
			runOnlyForDeploymentPostprocessing = 0;
		};
/* End PBXResourcesBuildPhase section */

/* Begin PBXSourcesBuildPhase section */
		59D1056C2190924B00915DC6 /* Sources */ = {
			isa = PBXSourcesBuildPhase;
			buildActionMask = 2147483647;
			files = (
				59D105762190924B00915DC6 /* SelectionsViewController.swift in Sources */,
				59D1058A21919AD700915DC6 /* MenuViewController.swift in Sources */,
				5989CD2E21944F960013CC10 /* AdditionalGestures.swift in Sources */,
				59D105742190924B00915DC6 /* AppDelegate.swift in Sources */,
				59540882219B1A4200C181FB /* CTAButton.swift in Sources */,
				5954087C219AEF3D00C181FB /* AddingHintView.swift in Sources */,
				59540880219B124300C181FB /* AddProductNameView.swift in Sources */,
			);
			runOnlyForDeploymentPostprocessing = 0;
		};
/* End PBXSourcesBuildPhase section */

/* Begin PBXVariantGroup section */
		59D105772190924B00915DC6 /* Main.storyboard */ = {
			isa = PBXVariantGroup;
			children = (
				59D105782190924B00915DC6 /* Base */,
			);
			name = Main.storyboard;
			sourceTree = "<group>";
		};
		59D1057C2190924C00915DC6 /* LaunchScreen.storyboard */ = {
			isa = PBXVariantGroup;
			children = (
				59D1057D2190924C00915DC6 /* Base */,
			);
			name = LaunchScreen.storyboard;
			sourceTree = "<group>";
		};
/* End PBXVariantGroup section */

/* Begin XCBuildConfiguration section */
		59D105802190924C00915DC6 /* Debug */ = {
			isa = XCBuildConfiguration;
			buildSettings = {
				ALWAYS_SEARCH_USER_PATHS = NO;
				CLANG_ANALYZER_NONNULL = YES;
				CLANG_ANALYZER_NUMBER_OBJECT_CONVERSION = YES_AGGRESSIVE;
				CLANG_CXX_LANGUAGE_STANDARD = "gnu++14";
				CLANG_CXX_LIBRARY = "libc++";
				CLANG_ENABLE_MODULES = YES;
				CLANG_ENABLE_OBJC_ARC = YES;
				CLANG_ENABLE_OBJC_WEAK = YES;
				CLANG_WARN_BLOCK_CAPTURE_AUTORELEASING = YES;
				CLANG_WARN_BOOL_CONVERSION = YES;
				CLANG_WARN_COMMA = YES;
				CLANG_WARN_CONSTANT_CONVERSION = YES;
				CLANG_WARN_DEPRECATED_OBJC_IMPLEMENTATIONS = YES;
				CLANG_WARN_DIRECT_OBJC_ISA_USAGE = YES_ERROR;
				CLANG_WARN_DOCUMENTATION_COMMENTS = YES;
				CLANG_WARN_EMPTY_BODY = YES;
				CLANG_WARN_ENUM_CONVERSION = YES;
				CLANG_WARN_INFINITE_RECURSION = YES;
				CLANG_WARN_INT_CONVERSION = YES;
				CLANG_WARN_NON_LITERAL_NULL_CONVERSION = YES;
				CLANG_WARN_OBJC_IMPLICIT_RETAIN_SELF = YES;
				CLANG_WARN_OBJC_LITERAL_CONVERSION = YES;
				CLANG_WARN_OBJC_ROOT_CLASS = YES_ERROR;
				CLANG_WARN_RANGE_LOOP_ANALYSIS = YES;
				CLANG_WARN_STRICT_PROTOTYPES = YES;
				CLANG_WARN_SUSPICIOUS_MOVE = YES;
				CLANG_WARN_UNGUARDED_AVAILABILITY = YES_AGGRESSIVE;
				CLANG_WARN_UNREACHABLE_CODE = YES;
				CLANG_WARN__DUPLICATE_METHOD_MATCH = YES;
				CODE_SIGN_IDENTITY = "iPhone Developer";
				COPY_PHASE_STRIP = NO;
				DEBUG_INFORMATION_FORMAT = dwarf;
				ENABLE_STRICT_OBJC_MSGSEND = YES;
				ENABLE_TESTABILITY = YES;
				GCC_C_LANGUAGE_STANDARD = gnu11;
				GCC_DYNAMIC_NO_PIC = NO;
				GCC_NO_COMMON_BLOCKS = YES;
				GCC_OPTIMIZATION_LEVEL = 0;
				GCC_PREPROCESSOR_DEFINITIONS = (
					"DEBUG=1",
					"$(inherited)",
				);
				GCC_WARN_64_TO_32_BIT_CONVERSION = YES;
				GCC_WARN_ABOUT_RETURN_TYPE = YES_ERROR;
				GCC_WARN_UNDECLARED_SELECTOR = YES;
				GCC_WARN_UNINITIALIZED_AUTOS = YES_AGGRESSIVE;
				GCC_WARN_UNUSED_FUNCTION = YES;
				GCC_WARN_UNUSED_VARIABLE = YES;
				IPHONEOS_DEPLOYMENT_TARGET = 12.1;
				MTL_ENABLE_DEBUG_INFO = INCLUDE_SOURCE;
				MTL_FAST_MATH = YES;
				ONLY_ACTIVE_ARCH = YES;
				SDKROOT = iphoneos;
				SWIFT_ACTIVE_COMPILATION_CONDITIONS = DEBUG;
				SWIFT_OPTIMIZATION_LEVEL = "-Onone";
			};
			name = Debug;
		};
		59D105812190924C00915DC6 /* Release */ = {
			isa = XCBuildConfiguration;
			buildSettings = {
				ALWAYS_SEARCH_USER_PATHS = NO;
				CLANG_ANALYZER_NONNULL = YES;
				CLANG_ANALYZER_NUMBER_OBJECT_CONVERSION = YES_AGGRESSIVE;
				CLANG_CXX_LANGUAGE_STANDARD = "gnu++14";
				CLANG_CXX_LIBRARY = "libc++";
				CLANG_ENABLE_MODULES = YES;
				CLANG_ENABLE_OBJC_ARC = YES;
				CLANG_ENABLE_OBJC_WEAK = YES;
				CLANG_WARN_BLOCK_CAPTURE_AUTORELEASING = YES;
				CLANG_WARN_BOOL_CONVERSION = YES;
				CLANG_WARN_COMMA = YES;
				CLANG_WARN_CONSTANT_CONVERSION = YES;
				CLANG_WARN_DEPRECATED_OBJC_IMPLEMENTATIONS = YES;
				CLANG_WARN_DIRECT_OBJC_ISA_USAGE = YES_ERROR;
				CLANG_WARN_DOCUMENTATION_COMMENTS = YES;
				CLANG_WARN_EMPTY_BODY = YES;
				CLANG_WARN_ENUM_CONVERSION = YES;
				CLANG_WARN_INFINITE_RECURSION = YES;
				CLANG_WARN_INT_CONVERSION = YES;
				CLANG_WARN_NON_LITERAL_NULL_CONVERSION = YES;
				CLANG_WARN_OBJC_IMPLICIT_RETAIN_SELF = YES;
				CLANG_WARN_OBJC_LITERAL_CONVERSION = YES;
				CLANG_WARN_OBJC_ROOT_CLASS = YES_ERROR;
				CLANG_WARN_RANGE_LOOP_ANALYSIS = YES;
				CLANG_WARN_STRICT_PROTOTYPES = YES;
				CLANG_WARN_SUSPICIOUS_MOVE = YES;
				CLANG_WARN_UNGUARDED_AVAILABILITY = YES_AGGRESSIVE;
				CLANG_WARN_UNREACHABLE_CODE = YES;
				CLANG_WARN__DUPLICATE_METHOD_MATCH = YES;
				CODE_SIGN_IDENTITY = "iPhone Developer";
				COPY_PHASE_STRIP = NO;
				DEBUG_INFORMATION_FORMAT = "dwarf-with-dsym";
				ENABLE_NS_ASSERTIONS = NO;
				ENABLE_STRICT_OBJC_MSGSEND = YES;
				GCC_C_LANGUAGE_STANDARD = gnu11;
				GCC_NO_COMMON_BLOCKS = YES;
				GCC_WARN_64_TO_32_BIT_CONVERSION = YES;
				GCC_WARN_ABOUT_RETURN_TYPE = YES_ERROR;
				GCC_WARN_UNDECLARED_SELECTOR = YES;
				GCC_WARN_UNINITIALIZED_AUTOS = YES_AGGRESSIVE;
				GCC_WARN_UNUSED_FUNCTION = YES;
				GCC_WARN_UNUSED_VARIABLE = YES;
				IPHONEOS_DEPLOYMENT_TARGET = 12.1;
				MTL_ENABLE_DEBUG_INFO = NO;
				MTL_FAST_MATH = YES;
				SDKROOT = iphoneos;
				SWIFT_COMPILATION_MODE = wholemodule;
				SWIFT_OPTIMIZATION_LEVEL = "-O";
				VALIDATE_PRODUCT = YES;
			};
			name = Release;
		};
		59D105832190924C00915DC6 /* Debug */ = {
			isa = XCBuildConfiguration;
			buildSettings = {
				ASSETCATALOG_COMPILER_APPICON_NAME = AppIcon;
				CODE_SIGN_STYLE = Automatic;
				DEVELOPMENT_TEAM = 2H634JM33L;
				INFOPLIST_FILE = ScrollviewDemo/Info.plist;
				IPHONEOS_DEPLOYMENT_TARGET = 9.0;
				LD_RUNPATH_SEARCH_PATHS = (
					"$(inherited)",
					"@executable_path/Frameworks",
				);
				PRODUCT_BUNDLE_IDENTIFIER = AK.ScrollviewDemo;
				PRODUCT_NAME = "$(TARGET_NAME)";
				SWIFT_VERSION = 4.2;
				TARGETED_DEVICE_FAMILY = "1,2";
			};
			name = Debug;
		};
		59D105842190924C00915DC6 /* Release */ = {
			isa = XCBuildConfiguration;
			buildSettings = {
				ASSETCATALOG_COMPILER_APPICON_NAME = AppIcon;
				CODE_SIGN_STYLE = Automatic;
				DEVELOPMENT_TEAM = 2H634JM33L;
				INFOPLIST_FILE = ScrollviewDemo/Info.plist;
				IPHONEOS_DEPLOYMENT_TARGET = 9.0;
				LD_RUNPATH_SEARCH_PATHS = (
					"$(inherited)",
					"@executable_path/Frameworks",
				);
				PRODUCT_BUNDLE_IDENTIFIER = AK.ScrollviewDemo;
				PRODUCT_NAME = "$(TARGET_NAME)";
				SWIFT_VERSION = 4.2;
				TARGETED_DEVICE_FAMILY = "1,2";
			};
			name = Release;
		};
/* End XCBuildConfiguration section */

/* Begin XCConfigurationList section */
		59D1056B2190924B00915DC6 /* Build configuration list for PBXProject "ScrollviewDemo" */ = {
			isa = XCConfigurationList;
			buildConfigurations = (
				59D105802190924C00915DC6 /* Debug */,
				59D105812190924C00915DC6 /* Release */,
			);
			defaultConfigurationIsVisible = 0;
			defaultConfigurationName = Release;
		};
		59D105822190924C00915DC6 /* Build configuration list for PBXNativeTarget "ScrollviewDemo" */ = {
			isa = XCConfigurationList;
			buildConfigurations = (
				59D105832190924C00915DC6 /* Debug */,
				59D105842190924C00915DC6 /* Release */,
			);
			defaultConfigurationIsVisible = 0;
			defaultConfigurationName = Release;
		};
/* End XCConfigurationList section */
	};
	rootObject = 59D105682190924B00915DC6 /* Project object */;
}
